
Microsoft Visual Studio Solution File, Format Version 12.00
# Visual Studio Version 17
VisualStudioVersion = 17.0.31903.59
MinimumVisualStudioVersion = 10.0.40219.1
Project("{9A19103F-16F7-4668-BE54-9A1E7A4F7556}") = "workshop.main", "workshop.main\workshop.main.csproj", "{C1CF1E29-CAFD-478F-B0C6-A5EF53A9A3A7}"
EndProject
Project("{9A19103F-16F7-4668-BE54-9A1E7A4F7556}") = "workshop.tests", "workshop.tests\workshop.tests.csproj", "{59FE8F93-93DE-4863-8590-CED6AAF7380A}"
EndProject
Project("{2150E333-8FDC-42A3-9474-1A3956D46DE8}") = "Solution Items", "Solution Items", "{2003C0F3-A7D5-4D7A-8D49-DF0A6CC1C41F}"
	ProjectSection(SolutionItems) = preProject
		README.md = README.md
	EndProjectSection
EndProject
Global
	GlobalSection(SolutionConfigurationPlatforms) = preSolution
		Debug|Any CPU = Debug|Any CPU
		Release|Any CPU = Release|Any CPU
	EndGlobalSection
	GlobalSection(ProjectConfigurationPlatforms) = postSolution
		{C1CF1E29-CAFD-478F-B0C6-A5EF53A9A3A7}.Debug|Any CPU.ActiveCfg = Debug|Any CPU
		{C1CF1E29-CAFD-478F-B0C6-A5EF53A9A3A7}.Debug|Any CPU.Build.0 = Debug|Any CPU
		{C1CF1E29-CAFD-478F-B0C6-A5EF53A9A3A7}.Release|Any CPU.ActiveCfg = Release|Any CPU
		{C1CF1E29-CAFD-478F-B0C6-A5EF53A9A3A7}.Release|Any CPU.Build.0 = Release|Any CPU
		{59FE8F93-93DE-4863-8590-CED6AAF7380A}.Debug|Any CPU.ActiveCfg = Debug|Any CPU
		{59FE8F93-93DE-4863-8590-CED6AAF7380A}.Debug|Any CPU.Build.0 = Debug|Any CPU
		{59FE8F93-93DE-4863-8590-CED6AAF7380A}.Release|Any CPU.ActiveCfg = Release|Any CPU
		{59FE8F93-93DE-4863-8590-CED6AAF7380A}.Release|Any CPU.Build.0 = Release|Any CPU
	EndGlobalSection
	GlobalSection(SolutionProperties) = preSolution
		HideSolutionNode = FALSE
	EndGlobalSection
EndGlobal
